version = 1
revision = 3
requires-python = ">=3.11"

[[package]]
name = "awscrt"
version = "0.34.1"
source = { registry = "https://pypi.org/simple" }
sdist = { url = "https://files.pythonhosted.org/packages/ce/33/ed6d3c91d7b136a91eeea3bea1023e818f5f99d4fcbd8956c645a2dc6006/awscrt-0.34.1.tar.gz", hash = "sha256:a3ae8e35c3a3eefdb2a15859887a05b926d0456d21ccba1b49861cfe46bcc8c2", size = 36975094, upload-time = "2026-06-04T19:03:14.475Z" }
wheels = [
    { url = "https://files.pythonhosted.org/packages/90/34/5737d2c0d1288caa76cb8ae867d4c09a86e31fc03e4f5a9e595308763415/awscrt-0.34.1-cp311-abi3-macosx_10_15_universal2.whl", hash = "sha256:c7c9c2ef4ec0db16d871fa099158b0617b1b8aa53335b73a88830a6630945c5a", size = 5089351, upload-time = "2026-06-04T19:02:11.912Z" },
    { url = "https://files.pythonhosted.org/packages/68/0b/79c55c606d83308cfa6d78528497ab72a170494a196261d23bd92ac733e8/awscrt-0.34.1-cp311-abi3-manylinux2014_aarch64.manylinux_2_17_aarch64.whl", hash = "sha256:cc7b55bcc719c2ecf6876b8c13a4808a8dda3b19b8936329c711072adc35053c", size = 3919082, upload-time = "2026-06-04T19:02:14.239Z" },
    { url = "https://files.pythonhosted.org/packages/4b/aa/494385f153a90e734ac04597e1c69ca6f66d8579bb0383f6fc8c5aa126d6/awscrt-0.34.1-cp311-abi3-manylinux2014_x86_64.manylinux_2_17_x86_64.whl", hash = "sha256:6c696acaa421e74d7dd44962099099ae967c64c8491f797fe1ec7c32fea1c113", size = 4209970, upload-time = "2026-06-04T19:02:15.698Z" },
    { url = "https://files.pythonhosted.org/packages/5e/93/e63b09fbdef626e19edfe1bf28ac037153270bceee24327756c83c53c940/awscrt-0.34.1-cp311-abi3-musllinux_1_1_aarch64.whl", hash = "sha256:4ab254a7761bb80594eba4ecdae65ba55608dad7ae08f5c0e6876cdf339e8ffe", size = 3827246, upload-time = "2026-06-04T19:02:17.148Z" },
    { url = "https://files.pythonhosted.org/packages/6a/43/edc9a8704f84aaffc3471b69d8da565fa834e8a7f565ced659a78373eaf4/awscrt-0.34.1-cp311-abi3-musllinux_1_1_x86_64.whl", hash = "sha256:48b24b3b3de9c3392238181f4529b8d3511fee695f1852807849042681bb4922", size = 4066655, upload-time = "2026-06-04T19:02:18.411Z" },
    { url = "https://files.pythonhosted.org/packages/b9/e7/6c49160a8cc84c438cac59c2bd52f80eaf6db05da036495133349b68a351/awscrt-0.34.1-cp311-abi3-win32.whl", hash = "sha256:8356df183947a02a015b8b77ee69a1b24bddf2177db93fb063e6215265ecc33a", size = 4089039, upload-time = "2026-06-04T19:02:20.023Z" },
    { url = "https://files.pythonhosted.org/packages/74/49/8ae6a3bb2aa32e17c3b8e7ad14f9666edfa924052c22e0098ca525b110c9/awscrt-0.34.1-cp311-abi3-win_amd64.whl", hash = "sha256:40326b5fadafe679c0729f622c4a56cbcb5e91f1b0d2b84fc95f016427b11214", size = 4251132, upload-time = "2026-06-04T19:02:21.308Z" },
    { url = "https://files.pythonhosted.org/packages/80/d4/dd647d569189bc97f5110339f7ec8ee669d135408c3e2207ce74f951f284/awscrt-0.34.1-cp313-abi3-macosx_10_15_universal2.whl", hash = "sha256:3750622e9efa1af389a619573a93cf1f7e816454edbdd9c922ba78e6c292668c", size = 5088559, upload-time = "2026-06-04T19:02:22.937Z" },
    { url = "https://files.pythonhosted.org/packages/d1/c6/6ae127a3ca3ac9e7e4bd2c351be78856d0fe4b9a094cf9163e5f9ba30d76/awscrt-0.34.1-cp313-abi3-manylinux2014_aarch64.manylinux_2_17_aarch64.whl", hash = "sha256:6eccf12282f773f2d29ef0bb16c3b973976c578ea617d84a8c1d523509d2b5a4", size = 3909549, upload-time = "2026-06-04T19:02:24.62Z" },
    { url = "https://files.pythonhosted.org/packages/e4/8f/93df8d004dee2afb938111de203e4534101326c1affc1452eb8d6fb73da9/awscrt-0.34.1-cp313-abi3-manylinux2014_x86_64.manylinux_2_17_x86_64.whl", hash = "sha256:5a39a0c2fed3b7354053b70a4a62428fa40834c9e9ac8570c8b39d3868645bc7", size = 4202624, upload-time = "2026-06-04T19:02:26.003Z" },
    { url = "https://files.pythonhosted.org/packages/70/f0/b0d96a536c582724aa5ebcfbe03a0c0283adb9379a31465076b8988416cd/awscrt-0.34.1-cp313-abi3-musllinux_1_1_aarch64.whl", hash = "sha256:775405da040f8f5223870c389e6b37ad2909849d76a1f028fc713ad1c07889f8", size = 3818941, upload-time = "2026-06-04T19:02:27.398Z" },
    { url = "https://files.pythonhosted.org/packages/f1/16/92c10101b3f4c10e8d8d6b3ce8b6bd1254cff4c1925244c4e872026c17a4/awscrt-0.34.1-cp313-abi3-musllinux_1_1_x86_64.whl", hash = "sha256:d88cc48538efabbf2b6643c13a8b63a758dcf40eeb0405f6ba4066ae4d361866", size = 4061435, upload-time = "2026-06-04T19:02:28.824Z" },
    { url = "https://files.pythonhosted.org/packages/57/cf/9f1610d5a4d8ed6c5062fea66d9c5bfda6fa354690b6c2121966b1be24b5/awscrt-0.34.1-cp313-abi3-win32.whl", hash = "sha256:534e0d9b415c50395b0602bb5bbc3b506fc36184859d4b6de18642384e46cb17", size = 4087600, upload-time = "2026-06-04T19:02:30.431Z" },
    { url = "https://files.pythonhosted.org/packages/4e/0f/5ac6d4b372cddc9dee02892e2a0ed676fe099d1740b2e5de253f6d9d4825/awscrt-0.34.1-cp313-abi3-win_amd64.whl", hash = "sha256:c680afe517ca09846d6b2abeeb44d37b935f575013afa34d8295fee95cce0b78", size = 4245466, upload-time = "2026-06-04T19:02:31.918Z" },
    { url = "https://files.pythonhosted.org/packages/de/1e/ce97fee2fe477e382f68f70f42846ca8d5b1d908f66e900b45334b9549b8/awscrt-0.34.1-cp313-cp313t-macosx_10_15_universal2.whl", hash = "sha256:b320bbbd70599d55c719f6a1201f0db51fbbdfc08d885ee17d2e553c06d2770d", size = 5097627, upload-time = "2026-06-04T19:02:33.41Z" },
    { url = "https://files.pythonhosted.org/packages/a1/c0/dc5bba8ae0c16965680ca1bf9fffb4914a43076ae8f9a5012db5b822610d/awscrt-0.34.1-cp313-cp313t-musllinux_1_1_aarch64.whl", hash = "sha256:3f58fb121531fd9d85ff3f1975cabe8b7de2f31d460d6de4f5a624177b4005d7", size = 3958448, upload-time = "2026-06-04T19:02:35.085Z" },
    { url = "https://files.pythonhosted.org/packages/6f/ac/71d009408421a48185f6672f830c49909f3dd076de1984f449dd3085a121/awscrt-0.34.1-cp313-cp313t-musllinux_1_1_x86_64.whl", hash = "sha256:d96bf355138073d5ecd8df68521c73181968fea82ee38e8aed523eb94ff73131", size = 4198705, upload-time = "2026-06-04T19:02:36.489Z" },
    { url = "https://files.pythonhosted.org/packages/2e/e0/e6cbbbcd71d9498a2cf3a9cce5df14320110d73e4aa6e3180c9029883eb5/awscrt-0.34.1-cp313-cp313t-win32.whl", hash = "sha256:9229d146f94c576778e5f4b41c0254800c8c6ad005f25b20fe07da9df976ce96", size = 4142609, upload-time = "2026-06-04T19:02:38.1Z" },
    { url = "https://files.pythonhosted.org/packages/8f/8a/c5b32222debb90cb5aa2858dd7766bb060fe3b6ce4356349b23f71570020/awscrt-0.34.1-cp313-cp313t-win_amd64.whl", hash = "sha256:f8b54977cf53539e68ff2c9ad2f51bb4bee7f2e72060037482262913e75499b0", size = 4300595, upload-time = "2026-06-04T19:02:39.821Z" },
    { url = "https://files.pythonhosted.org/packages/62/d7/40d6eba06ae5e4bb2e68125009a701a6f74159b96c921cc0998050c76cc4/awscrt-0.34.1-cp314-cp314t-macosx_10_15_universal2.whl", hash = "sha256:e519f4ba6622a9f5d745e2f49268690f3fac7bad7655911458c80e1cc30bd108", size = 5097638, upload-time = "2026-06-04T19:02:41.438Z" },
    { url = "https://files.pythonhosted.org/packages/22/14/3ddc4d76ca23c892ca82926d73575913377bf59a31a8b20d4c0c329a6a85/awscrt-0.34.1-cp314-cp314t-manylinux2014_aarch64.manylinux_2_17_aarch64.whl", hash = "sha256:185f3e899a24961a1bd6e203a0fdeab6a06a972ddf4a4e3a32b20e31705edd95", size = 4039424, upload-time = "2026-06-04T19:02:42.85Z" },
    { url = "https://files.pythonhosted.org/packages/e6/2f/954ac7be390d04160c8570810faeb9512447422752cac2bb277cbb62ab49/awscrt-0.34.1-cp314-cp314t-manylinux2014_x86_64.manylinux_2_17_x86_64.whl", hash = "sha256:ce386fdaf86f07122305a14a84f5c592b7010d7032c6b5a7dcbf4a72b2704998", size = 4328101, upload-time = "2026-06-04T19:02:44.349Z" },
    { url = "https://files.pythonhosted.org/packages/f8/b0/bd30e6cca8a9b696866dffb587ac1d5bb09dcba2b62941063b02a7b747ae/awscrt-0.34.1-cp314-cp314t-win32.whl", hash = "sha256:dc68aefe66cd419c3d2a0fa0ecaeb9b72d882ad08f752767dc85740052bbf212", size = 4223490, upload-time = "2026-06-04T19:02:45.687Z" },
    { url = "https://files.pythonhosted.org/packages/3c/f5/4cce09065b37c775ab22dc9f179e03704f3bb9bb5a44cae6bc70b849596d/awscrt-0.34.1-cp314-cp314t-win_amd64.whl", hash = "sha256:1421ee18988c946bb058819b69707c85aca0de395520fcbf1ef9ace0b9e96c62", size = 4400512, upload-time = "2026-06-04T19:02:47.242Z" },
]

[[package]]
name = "awsiotsdk"
version = "1.30.0"
source = { registry = "https://pypi.org/simple" }
dependencies = [
    { name = "awscrt" },
]
sdist = { url = "https://files.pythonhosted.org/packages/9d/02/7340313e57aa69180deb8c6f4c7ea9887609d2012c22fc4e05d08d20e5e9/awsiotsdk-1.30.0.tar.gz", hash = "sha256:3407abdbcb6718010784bda00860c90e0c4400be1d7f511c6802e4a37861e8b7", size = 93414, upload-time = "2026-06-11T18:26:56.957Z" }
wheels = [
    { url = "https://files.pythonhosted.org/packages/47/cb/3df545b6812c53b89eab27a7b57eeb3344bc3ee70a50fbf948f88a7c1ff8/awsiotsdk-1.30.0-py3-none-any.whl", hash = "sha256:64e45f1d4e6c224a96f5b2178ee166212416cd066300a77507761b87db18736c", size = 81098, upload-time = "2026-06-11T18:26:55.804Z" },
]

[[package]]
name = "boto3"
version = "1.43.34"
source = { registry = "https://pypi.org/simple" }
dependencies = [
    { name = "botocore" },
    { name = "jmespath" },
    { name = "s3transfer" },
]
sdist = { url = "https://files.pythonhosted.org/packages/01/ac/178eb7f96bb6d5771105fe998b8b34512ef3f7ce9e2f1ab8d018df935bee/boto3-1.43.34.tar.gz", hash = "sha256:444207c6c883d4df3ea3b2c36df43ad492b86e0b889eebd2fc1d5ea8db0a8a1a", size = 112656, upload-time = "2026-06-19T19:33:39.366Z" }
wheels = [
    { url = "https://files.pythonhosted.org/packages/4c/5f/ac0872df61c3cea3539252f867cf8d76c226e4952f52a981b3fa54381060/boto3-1.43.34-py3-none-any.whl", hash = "sha256:42595057324606928c6e2432b3093978e4d722e0d432bce942f2a385702c0a43", size = 140029, upload-time = "2026-06-19T19:33:37.807Z" },
]

[[package]]
name = "botocore"
version = "1.43.34"
source = { registry = "https://pypi.org/simple" }
dependencies = [
    { name = "jmespath" },
    { name = "python-dateutil" },
    { name = "urllib3" },
]
sdist = { url = "https://files.pythonhosted.org/packages/3c/0d/559cdceb9f6acea6b91404970b7973e28a4434fa8a70eb1416b0af478d86/botocore-1.43.34.tar.gz", hash = "sha256:ccc973cf30c6445b30afe5760f6dc949a80f1f862cb23d9c45747f2c814ece77", size = 15591382, upload-time = "2026-06-19T19:33:28.561Z" }
wheels = [
    { url = "https://files.pythonhosted.org/packages/d5/ea/dc5aab38e2b3f63380810465fab92c836e9e8bce458eba4a8a896f25e1d2/botocore-1.43.34-py3-none-any.whl", hash = "sha256:238a0269f33c5914b9343900b44767e783b3e8b6dcb6e065eac8b4495601c5df", size = 15277590, upload-time = "2026-06-19T19:33:24.562Z" },
]

[[package]]
name = "certifi"
version = "2026.6.17"
source = { registry = "https://pypi.org/simple" }
sdist = { url = "https://files.pythonhosted.org/packages/c9/c7/424b75da314c1045981bd9777432fad05a9e0c69daa4ed7e308bbaffe405/certifi-2026.6.17.tar.gz", hash = "sha256:024c88eeec92ca068db80f02b8b07c9cef7b9fe261d1d535abfd5abd6f6af432", size = 134594, upload-time = "2026-06-17T10:31:07.894Z" }
wheels = [
    { url = "https://files.pythonhosted.org/packages/ef/2f/c5464532e965badff2f4c4c1a3a83f5697f0d7c407ed0cda44aaa99bb451/certifi-2026.6.17-py3-none-any.whl", hash = "sha256:2227dcbaafe0d2f59279d1762ddddc37783ed4354594f194ffc31d20f41fc3db", size = 133289, upload-time = "2026-06-17T10:31:06.348Z" },
]

[[package]]
name = "charset-normalizer"
version = "3.4.7"
source = { registry = "https://pypi.org/simple" }
sdist = { url = "https://files.pythonhosted.org/packages/e7/a1/67fe25fac3c7642725500a3f6cfe5821ad557c3abb11c9d20d12c7008d3e/charset_normalizer-3.4.7.tar.gz", hash = "sha256:ae89db9e5f98a11a4bf50407d4363e7b09b31e55bc117b4f7d80aab97ba009e5", size = 144271, upload-time = "2026-04-02T09:28:39.342Z" }
wheels = [
    { url = "https://files.pythonhosted.org/packages/c2/d7/b5b7020a0565c2e9fa8c09f4b5fa6232feb326b8c20081ccded47ea368fd/charset_normalizer-3.4.7-cp311-cp311-macosx_10_9_universal2.whl", hash = "sha256:7641bb8895e77f921102f72833904dcd9901df5d6d72a2ab8f31d04b7e51e4e7", size = 309705, upload-time = "2026-04-02T09:26:02.191Z" },
    { url = "https://files.pythonhosted.org/packages/5a/53/58c29116c340e5456724ecd2fff4196d236b98f3da97b404bc5e51ac3493/charset_normalizer-3.4.7-cp311-cp311-manylinux2014_aarch64.manylinux_2_17_aarch64.manylinux_2_28_aarch64.whl", hash = "sha256:202389074300232baeb53ae2569a60901f7efadd4245cf3a3bf0617d60b439d7", size = 206419, upload-time = "2026-04-02T09:26:03.583Z" },
    { url = "https://files.pythonhosted.org/packages/b2/02/e8146dc6591a37a00e5144c63f29fb7c97a734ea8a111190783c0e60ab63/charset_normalizer-3.4.7-cp311-cp311-manylinux2014_ppc64le.manylinux_2_17_ppc64le.manylinux_2_28_ppc64le.whl", hash = "sha256:30b8d1d8c52a48c2c5690e152c169b673487a2a58de1ec7393196753063fcd5e", size = 227901, upload-time = "2026-04-02T09:26:04.738Z" },
    { url = "https://files.pythonhosted.org/packages/fb/73/77486c4cd58f1267bf17db420e930c9afa1b3be3fe8c8b8ebbebc9624359/charset_normalizer-3.4.7-cp311-cp311-manylinux2014_s390x.manylinux_2_17_s390x.manylinux_2_28_s390x.whl", hash = "sha256:532bc9bf33a68613fd7d65e4b1c71a6a38d7d42604ecf239c77392e9b4e8998c", size = 222742, upload-time = "2026-04-02T09:26:06.36Z" },
    { url = "https://files.pythonhosted.org/packages/a1/fa/f74eb381a7d94ded44739e9d94de18dc5edc9c17fb8c11f0a6890696c0a9/charset_normalizer-3.4.7-cp311-cp311-manylinux2014_x86_64.manylinux_2_17_x86_64.manylinux_2_28_x86_64.whl", hash = "sha256:2fe249cb4651fd12605b7288b24751d8bfd46d35f12a20b1ba33dea122e690df", size = 214061, upload-time = "2026-04-02T09:26:08.347Z" },
    { url = "https://files.pythonhosted.org/packages/dc/92/42bd3cefcf7687253fb86694b45f37b733c97f59af3724f356fa92b8c344/charset_normalizer-3.4.7-cp311-cp311-manylinux_2_31_armv7l.whl", hash = "sha256:65bcd23054beab4d166035cabbc868a09c1a49d1efe458fe8e4361215df40265", size = 199239, upload-time = "2026-04-02T09:26:09.823Z" },
    { url = "https://files.pythonhosted.org/packages/4c/3d/069e7184e2aa3b3cddc700e3dd267413dc259854adc3380421c805c6a17d/charset_normalizer-3.4.7-cp311-cp311-manylinux_2_31_riscv64.manylinux_2_39_riscv64.whl", hash = "sha256:08e721811161356f97b4059a9ba7bafb23ea5ee2255402c42881c214e173c6b4", size = 210173, upload-time = "2026-04-02T09:26:10.953Z" },
    { url = "https://files.pythonhosted.org/packages/62/51/9d56feb5f2e7074c46f93e0ebdbe61f0848ee246e2f0d89f8e20b89ebb8f/charset_normalizer-3.4.7-cp311-cp311-musllinux_1_2_aarch64.whl", hash = "sha256:e060d01aec0a910bdccb8be71faf34e7799ce36950f8294c8bf612cba65a2c9e", size = 209841, upload-time = "2026-04-02T09:26:12.142Z" },
    { url = "https://files.pythonhosted.org/packages/d2/59/893d8f99cc4c837dda1fe2f1139079703deb9f321aabcb032355de13b6c7/charset_normalizer-3.4.7-cp311-cp311-musllinux_1_2_armv7l.whl", hash = "sha256:38c0109396c4cfc574d502df99742a45c72c08eff0a36158b6f04000043dbf38", size = 200304, upload-time = "2026-04-02T09:26:13.711Z" },
    { url = "https://files.pythonhosted.org/packages/7d/1d/ee6f3be3464247578d1ed5c46de545ccc3d3ff933695395c402c21fa6b77/charset_normalizer-3.4.7-cp311-cp311-musllinux_1_2_ppc64le.whl", hash = "sha256:1c2a768fdd44ee4a9339a9b0b130049139b8ce3c01d2ce09f67f5a68048d477c", size = 229455, upload-time = "2026-04-02T09:26:14.941Z" },
    { url = "https://files.pythonhosted.org/packages/54/bb/8fb0a946296ea96a488928bdce8ef99023998c48e4713af533e9bb98ef07/charset_normalizer-3.4.7-cp311-cp311-musllinux_1_2_riscv64.whl", hash = "sha256:1a87ca9d5df6fe460483d9a5bbf2b18f620cbed41b432e2bddb686228282d10b", size = 210036, upload-time = "2026-04-02T09:26:16.478Z" },
    { url = "https://files.pythonhosted.org/packages/9a/bc/015b2387f913749f82afd4fcba07846d05b6d784dd16123cb66860e0237d/charset_normalizer-3.4.7-cp311-cp311-musllinux_1_2_s390x.whl", hash = "sha256:d635aab80466bc95771bb78d5370e74d36d1fe31467b6b29b8b57b2a3cd7d22c", size = 224739, upload-time = "2026-04-02T09:26:17.751Z" },
    { url = "https://files.pythonhosted.org/packages/17/ab/63133691f56baae417493cba6b7c641571a2130eb7bceba6773367ab9ec5/charset_normalizer-3.4.7-cp311-cp311-musllinux_1_2_x86_64.whl", hash = "sha256:ae196f021b5e7c78e918242d217db021ed2a6ace2bc6ae94c0fc596221c7f58d", size = 216277, upload-time = "2026-04-02T09:26:18.981Z" },
    { url = "https://files.pythonhosted.org/packages/06/6d/3be70e827977f20db77c12a97e6a9f973631a45b8d186c084527e53e77a4/charset_normalizer-3.4.7-cp311-cp311-win32.whl", hash = "sha256:adb2597b428735679446b46c8badf467b4ca5f5056aae4d51a19f9570301b1ad", size = 147819, upload-time = "2026-04-02T09:26:20.295Z" },
    { url = "https://files.pythonhosted.org/packages/20/d9/5f67790f06b735d7c7637171bbfd89882ad67201891b7275e51116ed8207/charset_normalizer-3.4.7-cp311-cp311-win_amd64.whl", hash = "sha256:8e385e4267ab76874ae30db04c627faaaf0b509e1ccc11a95b3fc3e83f855c00", size = 159281, upload-time = "2026-04-02T09:26:21.74Z" },
    { url = "https://files.pythonhosted.org/packages/ca/83/6413f36c5a34afead88ce6f66684d943d91f233d76dd083798f9602b75ae/charset_normalizer-3.4.7-cp311-cp311-win_arm64.whl", hash = "sha256:d4a48e5b3c2a489fae013b7589308a40146ee081f6f509e047e0e096084ceca1", size = 147843, upload-time = "2026-04-02T09:26:22.901Z" },
    { url = "https://files.pythonhosted.org/packages/0c/eb/4fc8d0a7110eb5fc9cc161723a34a8a6c200ce3b4fbf681bc86feee22308/charset_normalizer-3.4.7-cp312-cp312-macosx_10_13_universal2.whl", hash = "sha256:eca9705049ad3c7345d574e3510665cb2cf844c2f2dcfe675332677f081cbd46", size = 311328, upload-time = "2026-04-02T09:26:24.331Z" },
    { url = "https://files.pythonhosted.org/packages/f8/e3/0fadc706008ac9d7b9b5be6dc767c05f9d3e5df51744ce4cc9605de7b9f4/charset_normalizer-3.4.7-cp312-cp312-manylinux2014_aarch64.manylinux_2_17_aarch64.manylinux_2_28_aarch64.whl", hash = "sha256:6178f72c5508bfc5fd446a5905e698c6212932f25bcdd4b47a757a50605a90e2", size = 208061, upload-time = "2026-04-02T09:26:25.568Z" },
    { url = "https://files.pythonhosted.org/packages/42/f0/3dd1045c47f4a4604df85ec18ad093912ae1344ac706993aff91d38773a2/charset_normalizer-3.4.7-cp312-cp312-manylinux2014_ppc64le.manylinux_2_17_ppc64le.manylinux_2_28_ppc64le.whl", hash = "sha256:e1421b502d83040e6d7fb2fb18dff63957f720da3d77b2fbd3187ceb63755d7b", size = 229031, upload-time = "2026-04-02T09:26:26.865Z" },
    { url = "https://files.pythonhosted.org/packages/dc/67/675a46eb016118a2fbde5a277a5d15f4f69d5f3f5f338e5ee2f8948fcf43/charset_normalizer-3.4.7-cp312-cp312-manylinux2014_s390x.manylinux_2_17_s390x.manylinux_2_28_s390x.whl", hash = "sha256:edac0f1ab77644605be2cbba52e6b7f630731fc42b34cb0f634be1a6eface56a", size = 225239, upload-time = "2026-04-02T09:26:28.044Z" },
    { url = "https://files.pythonhosted.org/packages/4b/f8/d0118a2f5f23b02cd166fa385c60f9b0d4f9194f574e2b31cef350ad7223/charset_normalizer-3.4.7-cp312-cp312-manylinux2014_x86_64.manylinux_2_17_x86_64.manylinux_2_28_x86_64.whl", hash = "sha256:5649fd1c7bade02f320a462fdefd0b4bd3ce036065836d4f42e0de958038e116", size = 216589, upload-time = "2026-04-02T09:26:29.239Z" },
    { url = "https://files.pythonhosted.org/packages/b1/f1/6d2b0b261b6c4ceef0fcb0d17a01cc5bc53586c2d4796fa04b5c540bc13d/charset_normalizer-3.4.7-cp312-cp312-manylinux_2_31_armv7l.whl", hash = "sha256:203104ed3e428044fd943bc4bf45fa73c0730391f9621e37fe39ecf477b128cb", size = 202733, upload-time = "2026-04-02T09:26:30.5Z" },
    { url = "https://files.pythonhosted.org/packages/6f/c0/7b1f943f7e87cc3db9626ba17807d042c38645f0a1d4415c7a14afb5591f/charset_normalizer-3.4.7-cp312-cp312-manylinux_2_31_riscv64.manylinux_2_39_riscv64.whl", hash = "sha256:298930cec56029e05497a76988377cbd7457ba864beeea92ad7e844fe74cd1f1", size = 212652, upload-time = "2026-04-02T09:26:31.709Z" },
    { url = "https://files.pythonhosted.org/packages/38/dd/5a9ab159fe45c6e72079398f277b7d2b523e7f716acc489726115a910097/charset_normalizer-3.4.7-cp312-cp312-musllinux_1_2_aarch64.whl", hash = "sha256:708838739abf24b2ceb208d0e22403dd018faeef86ddac04319a62ae884c4f15", size = 211229, upload-time = "2026-04-02T09:26:33.282Z" },
    { url = "https://files.pythonhosted.org/packages/d5/ff/531a1cad5ca855d1c1a8b69cb71abfd6d85c0291580146fda7c82857caa1/charset_normalizer-3.4.7-cp312-cp312-musllinux_1_2_armv7l.whl", hash = "sha256:0f7eb884681e3938906ed0434f20c63046eacd0111c4ba96f27b76084cd679f5", size = 203552, upload-time = "2026-04-02T09:26:34.845Z" },
    { url = "https://files.pythonhosted.org/packages/c1/4c/a5fb52d528a8ca41f7598cb619409ece30a169fbdf9cdce592e53b46c3a6/charset_normalizer-3.4.7-cp312-cp312-musllinux_1_2_ppc64le.whl", hash = "sha256:4dc1e73c36828f982bfe79fadf5919923f8a6f4df2860804db9a98c48824ce8d", size = 230806, upload-time = "2026-04-02T09:26:36.152Z" },
    { url = "https://files.pythonhosted.org/packages/59/7a/071feed8124111a32b316b33ae4de83d36923039ef8cf48120266844285b/charset_normalizer-3.4.7-cp312-cp312-musllinux_1_2_riscv64.whl", hash = "sha256:aed52fea0513bac0ccde438c188c8a471c4e0f457c2dd20cdbf6ea7a450046c7", size = 212316, upload-time = "2026-04-02T09:26:37.672Z" },
    { url = "https://files.pythonhosted.org/packages/fd/35/f7dba3994312d7ba508e041eaac39a36b120f32d4c8662b8814dab876431/charset_normalizer-3.4.7-cp312-cp312-musllinux_1_2_s390x.whl", hash = "sha256:fea24543955a6a729c45a73fe90e08c743f0b3334bbf3201e6c4bc1b0c7fa464", size = 227274, upload-time = "2026-04-02T09:26:38.93Z" },
    { url = "https://files.pythonhosted.org/packages/8a/2d/a572df5c9204ab7688ec1edc895a73ebded3b023bb07364710b05dd1c9be/charset_normalizer-3.4.7-cp312-cp312-musllinux_1_2_x86_64.whl", hash = "sha256:bb6d88045545b26da47aa879dd4a89a71d1dce0f0e549b1abcb31dfe4a8eac49", size = 218468, upload-time = "2026-04-02T09:26:40.17Z" },
    { url = "https://files.pythonhosted.org/packages/86/eb/890922a8b03a568ca2f336c36585a4713c55d4d67bf0f0c78924be6315ca/charset_normalizer-3.4.7-cp312-cp312-win32.whl", hash = "sha256:2257141f39fe65a3fdf38aeccae4b953e5f3b3324f4ff0daf9f15b8518666a2c", size = 148460, upload-time = "2026-04-02T09:26:41.416Z" },
    { url = "https://files.pythonhosted.org/packages/35/d9/0e7dffa06c5ab081f75b1b786f0aefc88365825dfcd0ac544bdb7b2b6853/charset_normalizer-3.4.7-cp312-cp312-win_amd64.whl", hash = "sha256:5ed6ab538499c8644b8a3e18debabcd7ce684f3fa91cf867521a7a0279cab2d6", size = 159330, upload-time = "2026-04-02T09:26:42.554Z" },
    { url = "https://files.pythonhosted.org/packages/9e/5d/481bcc2a7c88ea6b0878c299547843b2521ccbc40980cb406267088bc701/charset_normalizer-3.4.7-cp312-cp312-win_arm64.whl", hash = "sha256:56be790f86bfb2c98fb742ce566dfb4816e5a83384616ab59c49e0604d49c51d", size = 147828, upload-time = "2026-04-02T09:26:44.075Z" },
    { url = "https://files.pythonhosted.org/packages/c1/3b/66777e39d3ae1ddc77ee606be4ec6d8cbd4c801f65e5a1b6f2b11b8346dd/charset_normalizer-3.4.7-cp313-cp313-macosx_10_13_universal2.whl", hash = "sha256:f496c9c3cc02230093d8330875c4c3cdfc3b73612a5fd921c65d39cbcef08063", size = 309627, upload-time = "2026-04-02T09:26:45.198Z" },
    { url = "https://files.pythonhosted.org/packages/2e/4e/b7f84e617b4854ade48a1b7915c8ccfadeba444d2a18c291f696e37f0d3b/charset_normalizer-3.4.7-cp313-cp313-manylinux2014_aarch64.manylinux_2_17_aarch64.manylinux_2_28_aarch64.whl", hash = "sha256:0ea948db76d31190bf08bd371623927ee1339d5f2a0b4b1b4a4439a65298703c", size = 207008, upload-time = "2026-04-02T09:26:46.824Z" },
    { url = "https://files.pythonhosted.org/packages/c4/bb/ec73c0257c9e11b268f018f068f5d00aa0ef8c8b09f7753ebd5f2880e248/charset_normalizer-3.4.7-cp313-cp313-manylinux2014_ppc64le.manylinux_2_17_ppc64le.manylinux_2_28_ppc64le.whl", hash = "sha256:a277ab8928b9f299723bc1a2dabb1265911b1a76341f90a510368ca44ad9ab66", size = 228303, upload-time = "2026-04-02T09:26:48.397Z" },
    { url = "https://files.pythonhosted.org/packages/85/fb/32d1f5033484494619f701e719429c69b766bfc4dbc61aa9e9c8c166528b/charset_normalizer-3.4.7-cp313-cp313-manylinux2014_s390x.manylinux_2_17_s390x.manylinux_2_28_s390x.whl", hash = "sha256:3bec022aec2c514d9cf199522a802bd007cd588ab17ab2525f20f9c34d067c18", size = 224282, upload-time = "2026-04-02T09:26:49.684Z" },
    { url = "https://files.pythonhosted.org/packages/fa/07/330e3a0dda4c404d6da83b327270906e9654a24f6c546dc886a0eb0ffb23/charset_normalizer-3.4.7-cp313-cp313-manylinux2014_x86_64.manylinux_2_17_x86_64.manylinux_2_28_x86_64.whl", hash = "sha256:e044c39e41b92c845bc815e5ae4230804e8e7bc29e399b0437d64222d92809dd", size = 215595, upload-time = "2026-04-02T09:26:50.915Z" },
    { url = "https://files.pythonhosted.org/packages/e3/7c/fc890655786e423f02556e0216d4b8c6bcb6bdfa890160dc66bf52dee468/charset_normalizer-3.4.7-cp313-cp313-manylinux_2_31_armv7l.whl", hash = "sha256:f495a1652cf3fbab2eb0639776dad966c2fb874d79d87ca07f9d5f059b8bd215", size = 201986, upload-time = "2026-04-02T09:26:52.197Z" },
    { url = "https://files.pythonhosted.org/packages/d8/97/bfb18b3db2aed3b90cf54dc292ad79fdd5ad65c4eae454099475cbeadd0d/charset_normalizer-3.4.7-cp313-cp313-manylinux_2_31_riscv64.manylinux_2_39_riscv64.whl", hash = "sha256:e712b419df8ba5e42b226c510472b37bd57b38e897d3eca5e8cfd410a29fa859", size = 211711, upload-time = "2026-04-02T09:26:53.49Z" },
    { url = "https://files.pythonhosted.org/packages/6f/a5/a581c13798546a7fd557c82614a5c65a13df2157e9ad6373166d2a3e645d/charset_normalizer-3.4.7-cp313-cp313-musllinux_1_2_aarch64.whl", hash = "sha256:7804338df6fcc08105c7745f1502ba68d900f45fd770d5bdd5288ddccb8a42d8", size = 210036, upload-time = "2026-04-02T09:26:54.975Z" },
    { url = "https://files.pythonhosted.org/packages/8c/bf/b3ab5bcb478e4193d517644b0fb2bf5497fbceeaa7a1bc0f4d5b50953861/charset_normalizer-3.4.7-cp313-cp313-musllinux_1_2_armv7l.whl", hash = "sha256:481551899c856c704d58119b5025793fa6730adda3571971af568f66d2424bb5", size = 202998, upload-time = "2026-04-02T09:26:56.303Z" },
    { url = "https://files.pythonhosted.org/packages/e7/4e/23efd79b65d314fa320ec6017b4b5834d5c12a58ba4610aa353af2e2f577/charset_normalizer-3.4.7-cp313-cp313-musllinux_1_2_ppc64le.whl", hash = "sha256:f59099f9b66f0d7145115e6f80dd8b1d847176df89b234a5a6b3f00437aa0832", size = 230056, upload-time = "2026-04-02T09:26:57.554Z" },
    { url = "https://files.pythonhosted.org/packages/b9/9f/1e1941bc3f0e01df116e68dc37a55c4d249df5e6fa77f008841aef68264f/charset_normalizer-3.4.7-cp313-cp313-musllinux_1_2_riscv64.whl", hash = "sha256:f59ad4c0e8f6bba240a9bb85504faa1ab438237199d4cce5f622761507b8f6a6", size = 211537, upload-time = "2026-04-02T09:26:58.843Z" },
    { url = "https://files.pythonhosted.org/packages/80/0f/088cbb3020d44428964a6c97fe1edfb1b9550396bf6d278330281e8b709c/charset_normalizer-3.4.7-cp313-cp313-musllinux_1_2_s390x.whl", hash = "sha256:3dedcc22d73ec993f42055eff4fcfed9318d1eeb9a6606c55892a26964964e48", size = 226176, upload-time = "2026-04-02T09:27:00.437Z" },
    { url = "https://files.pythonhosted.org/packages/6a/9f/130394f9bbe06f4f63e22641d32fc9b202b7e251c9aef4db044324dac493/charset_normalizer-3.4.7-cp313-cp313-musllinux_1_2_x86_64.whl", hash = "sha256:64f02c6841d7d83f832cd97ccf8eb8a906d06eb95d5276069175c696b024b60a", size = 217723, upload-time = "2026-04-02T09:27:02.021Z" },
    { url = "https://files.pythonhosted.org/packages/73/55/c469897448a06e49f8fa03f6caae97074fde823f432a98f979cc42b90e69/charset_normalizer-3.4.7-cp313-cp313-win32.whl", hash = "sha256:4042d5c8f957e15221d423ba781e85d553722fc4113f523f2feb7b188cc34c5e", size = 148085, upload-time = "2026-04-02T09:27:03.192Z" },
    { url = "https://files.pythonhosted.org/packages/5d/78/1b74c5bbb3f99b77a1715c91b3e0b5bdb6fe302d95ace4f5b1bec37b0167/charset_normalizer-3.4.7-cp313-cp313-win_amd64.whl", hash = "sha256:3946fa46a0cf3e4c8cb1cc52f56bb536310d34f25f01ca9b6c16afa767dab110", size = 158819, upload-time = "2026-04-02T09:27:04.454Z" },
    { url = "https://files.pythonhosted.org/packages/68/86/46bd42279d323deb8687c4a5a811fd548cb7d1de10cf6535d099877a9a9f/charset_normalizer-3.4.7-cp313-cp313-win_arm64.whl", hash = "sha256:80d04837f55fc81da168b98de4f4b797ef007fc8a79ab71c6ec9bc4dd662b15b", size = 147915, upload-time = "2026-04-02T09:27:05.971Z" },
    { url = "https://files.pythonhosted.org/packages/97/c8/c67cb8c70e19ef1960b97b22ed2a1567711de46c4ddf19799923adc836c2/charset_normalizer-3.4.7-cp314-cp314-macosx_10_15_universal2.whl", hash = "sha256:c36c333c39be2dbca264d7803333c896ab8fa7d4d6f0ab7edb7dfd7aea6e98c0", size = 309234, upload-time = "2026-04-02T09:27:07.194Z" },
    { url = "https://files.pythonhosted.org/packages/99/85/c091fdee33f20de70d6c8b522743b6f831a2f1cd3ff86de4c6a827c48a76/charset_normalizer-3.4.7-cp314-cp314-manylinux2014_aarch64.manylinux_2_17_aarch64.manylinux_2_28_aarch64.whl", hash = "sha256:1c2aed2e5e41f24ea8ef1590b8e848a79b56f3a5564a65ceec43c9d692dc7d8a", size = 208042, upload-time = "2026-04-02T09:27:08.749Z" },
    { url = "https://files.pythonhosted.org/packages/87/1c/ab2ce611b984d2fd5d86a5a8a19c1ae26acac6bad967da4967562c75114d/charset_normalizer-3.4.7-cp314-cp314-manylinux2014_ppc64le.manylinux_2_17_ppc64le.manylinux_2_28_ppc64le.whl", hash = "sha256:54523e136b8948060c0fa0bc7b1b50c32c186f2fceee897a495406bb6e311d2b", size = 228706, upload-time = "2026-04-02T09:27:09.951Z" },
    { url = "https://files.pythonhosted.org/packages/a8/29/2b1d2cb00bf085f59d29eb773ce58ec2d325430f8c216804a0a5cd83cbca/charset_normalizer-3.4.7-cp314-cp314-manylinux2014_s390x.manylinux_2_17_s390x.manylinux_2_28_s390x.whl", hash = "sha256:715479b9a2802ecac752a3b0efa2b0b60285cf962ee38414211abdfccc233b41", size = 224727, upload-time = "2026-04-02T09:27:11.175Z" },
    { url = "https://files.pythonhosted.org/packages/47/5c/032c2d5a07fe4d4855fea851209cca2b6f03ebeb6d4e3afdb3358386a684/charset_normalizer-3.4.7-cp314-cp314-manylinux2014_x86_64.manylinux_2_17_x86_64.manylinux_2_28_x86_64.whl", hash = "sha256:bd6c2a1c7573c64738d716488d2cdd3c00e340e4835707d8fdb8dc1a66ef164e", size = 215882, upload-time = "2026-04-02T09:27:12.446Z" },
    { url = "https://files.pythonhosted.org/packages/2c/c2/356065d5a8b78ed04499cae5f339f091946a6a74f91e03476c33f0ab7100/charset_normalizer-3.4.7-cp314-cp314-manylinux_2_31_armv7l.whl", hash = "sha256:c45e9440fb78f8ddabcf714b68f936737a121355bf59f3907f4e17721b9d1aae", size = 200860, upload-time = "2026-04-02T09:27:13.721Z" },
    { url = "https://files.pythonhosted.org/packages/0c/cd/a32a84217ced5039f53b29f460962abb2d4420def55afabe45b1c3c7483d/charset_normalizer-3.4.7-cp314-cp314-manylinux_2_31_riscv64.manylinux_2_39_riscv64.whl", hash = "sha256:3534e7dcbdcf757da6b85a0bbf5b6868786d5982dd959b065e65481644817a18", size = 211564, upload-time = "2026-04-02T09:27:15.272Z" },
    { url = "https://files.pythonhosted.org/packages/44/86/58e6f13ce26cc3b8f4a36b94a0f22ae2f00a72534520f4ae6857c4b81f89/charset_normalizer-3.4.7-cp314-cp314-musllinux_1_2_aarch64.whl", hash = "sha256:e8ac484bf18ce6975760921bb6148041faa8fef0547200386ea0b52b5d27bf7b", size = 211276, upload-time = "2026-04-02T09:27:16.834Z" },
    { url = "https://files.pythonhosted.org/packages/8f/fe/d17c32dc72e17e155e06883efa84514ca375f8a528ba2546bee73fc4df81/charset_normalizer-3.4.7-cp314-cp314-musllinux_1_2_armv7l.whl", hash = "sha256:a5fe03b42827c13cdccd08e6c0247b6a6d4b5e3cdc53fd1749f5896adcdc2356", size = 201238, upload-time = "2026-04-02T09:27:18.229Z" },
    { url = "https://files.pythonhosted.org/packages/6a/29/f33daa50b06525a237451cdb6c69da366c381a3dadcd833fa5676bc468b3/charset_normalizer-3.4.7-cp314-cp314-musllinux_1_2_ppc64le.whl", hash = "sha256:2d6eb928e13016cea4f1f21d1e10c1cebd5a421bc57ddf5b1142ae3f86824fab", size = 230189, upload-time = "2026-04-02T09:27:19.445Z" },
    { url = "https://files.pythonhosted.org/packages/b6/6e/52c84015394a6a0bdcd435210a7e944c5f94ea1055f5cc5d56c5fe368e7b/charset_normalizer-3.4.7-cp314-cp314-musllinux_1_2_riscv64.whl", hash = "sha256:e74327fb75de8986940def6e8dee4f127cc9752bee7355bb323cc5b2659b6d46", size = 211352, upload-time = "2026-04-02T09:27:20.79Z" },
    { url = "https://files.pythonhosted.org/packages/8c/d7/4353be581b373033fb9198bf1da3cf8f09c1082561e8e922aa7b39bf9fe8/charset_normalizer-3.4.7-cp314-cp314-musllinux_1_2_s390x.whl", hash = "sha256:d6038d37043bced98a66e68d3aa2b6a35505dc01328cd65217cefe82f25def44", size = 227024, upload-time = "2026-04-02T09:27:22.063Z" },
    { url = "https://files.pythonhosted.org/packages/30/45/99d18aa925bd1740098ccd3060e238e21115fffbfdcb8f3ece837d0ace6c/charset_normalizer-3.4.7-cp314-cp314-musllinux_1_2_x86_64.whl", hash = "sha256:7579e913a5339fb8fa133f6bbcfd8e6749696206cf05acdbdca71a1b436d8e72", size = 217869, upload-time = "2026-04-02T09:27:23.486Z" },
    { url = "https://files.pythonhosted.org/packages/5c/05/5ee478aa53f4bb7996482153d4bfe1b89e0f087f0ab6b294fcf92d595873/charset_normalizer-3.4.7-cp314-cp314-win32.whl", hash = "sha256:5b77459df20e08151cd6f8b9ef8ef1f961ef73d85c21a555c7eed5b79410ec10", size = 148541, upload-time = "2026-04-02T09:27:25.146Z" },
    { url = "https://files.pythonhosted.org/packages/48/77/72dcb0921b2ce86420b2d79d454c7022bf5be40202a2a07906b9f2a35c97/charset_normalizer-3.4.7-cp314-cp314-win_amd64.whl", hash = "sha256:92a0a01ead5e668468e952e4238cccd7c537364eb7d851ab144ab6627dbbe12f", size = 159634, upload-time = "2026-04-02T09:27:26.642Z" },
    { url = "https://files.pythonhosted.org/packages/c6/a3/c2369911cd72f02386e4e340770f6e158c7980267da16af8f668217abaa0/charset_normalizer-3.4.7-cp314-cp314-win_arm64.whl", hash = "sha256:67f6279d125ca0046a7fd386d01b311c6363844deac3e5b069b514ba3e63c246", size = 148384, upload-time = "2026-04-02T09:27:28.271Z" },
    { url = "https://files.pythonhosted.org/packages/94/09/7e8a7f73d24dba1f0035fbbf014d2c36828fc1bf9c88f84093e57d315935/charset_normalizer-3.4.7-cp314-cp314t-macosx_10_15_universal2.whl", hash = "sha256:effc3f449787117233702311a1b7d8f59cba9ced946ba727bdc329ec69028e24", size = 330133, upload-time = "2026-04-02T09:27:29.474Z" },
    { url = "https://files.pythonhosted.org/packages/8d/da/96975ddb11f8e977f706f45cddd8540fd8242f71ecdb5d18a80723dcf62c/charset_normalizer-3.4.7-cp314-cp314t-manylinux2014_aarch64.manylinux_2_17_aarch64.manylinux_2_28_aarch64.whl", hash = "sha256:fbccdc05410c9ee21bbf16a35f4c1d16123dcdeb8a1d38f33654fa21d0234f79", size = 216257, upload-time = "2026-04-02T09:27:30.793Z" },
    { url = "https://files.pythonhosted.org/packages/e5/e8/1d63bf8ef2d388e95c64b2098f45f84758f6d102a087552da1485912637b/charset_normalizer-3.4.7-cp314-cp314t-manylinux2014_ppc64le.manylinux_2_17_ppc64le.manylinux_2_28_ppc64le.whl", hash = "sha256:733784b6d6def852c814bce5f318d25da2ee65dd4839a0718641c696e09a2960", size = 234851, upload-time = "2026-04-02T09:27:32.44Z" },
    { url = "https://files.pythonhosted.org/packages/9b/40/e5ff04233e70da2681fa43969ad6f66ca5611d7e669be0246c4c7aaf6dc8/charset_normalizer-3.4.7-cp314-cp314t-manylinux2014_s390x.manylinux_2_17_s390x.manylinux_2_28_s390x.whl", hash = "sha256:a89c23ef8d2c6b27fd200a42aa4ac72786e7c60d40efdc76e6011260b6e949c4", size = 233393, upload-time = "2026-04-02T09:27:34.03Z" },
    { url = "https://files.pythonhosted.org/packages/be/c1/06c6c49d5a5450f76899992f1ee40b41d076aee9279b49cf9974d2f313d5/charset_normalizer-3.4.7-cp314-cp314t-manylinux2014_x86_64.manylinux_2_17_x86_64.manylinux_2_28_x86_64.whl", hash = "sha256:6c114670c45346afedc0d947faf3c7f701051d2518b943679c8ff88befe14f8e", size = 223251, upload-time = "2026-04-02T09:27:35.369Z" },
    { url = "https://files.pythonhosted.org/packages/2b/9f/f2ff16fb050946169e3e1f82134d107e5d4ae72647ec8a1b1446c148480f/charset_normalizer-3.4.7-cp314-cp314t-manylinux_2_31_armv7l.whl", hash = "sha256:a180c5e59792af262bf263b21a3c49353f25945d8d9f70628e73de370d55e1e1", size = 206609, upload-time = "2026-04-02T09:27:36.661Z" },
    { url = "https://files.pythonhosted.org/packages/69/d5/a527c0cd8d64d2eab7459784fb4169a0ac76e5a6fc5237337982fd61347e/charset_normalizer-3.4.7-cp314-cp314t-manylinux_2_31_riscv64.manylinux_2_39_riscv64.whl", hash = "sha256:3c9a494bc5ec77d43cea229c4f6db1e4d8fe7e1bbffa8b6f0f0032430ff8ab44", size = 220014, upload-time = "2026-04-02T09:27:38.019Z" },
    { url = "https://files.pythonhosted.org/packages/7e/80/8a7b8104a3e203074dc9aa2c613d4b726c0e136bad1cc734594b02867972/charset_normalizer-3.4.7-cp314-cp314t-musllinux_1_2_aarch64.whl", hash = "sha256:8d828b6667a32a728a1ad1d93957cdf37489c57b97ae6c4de2860fa749b8fc1e", size = 218979, upload-time = "2026-04-02T09:27:39.37Z" },
    { url = "https://files.pythonhosted.org/packages/02/9a/b759b503d507f375b2b5c153e4d2ee0a75aa215b7f2489cf314f4541f2c0/charset_normalizer-3.4.7-cp314-cp314t-musllinux_1_2_armv7l.whl", hash = "sha256:cf1493cd8607bec4d8a7b9b004e699fcf8f9103a9284cc94962cb73d20f9d4a3", size = 209238, upload-time = "2026-04-02T09:27:40.722Z" },
    { url = "https://files.pythonhosted.org/packages/c2/4e/0f3f5d47b86bdb79256e7290b26ac847a2832d9a4033f7eb2cd4bcf4bb5b/charset_normalizer-3.4.7-cp314-cp314t-musllinux_1_2_ppc64le.whl", hash = "sha256:0c96c3b819b5c3e9e165495db84d41914d6894d55181d2d108cc1a69bfc9cce0", size = 236110, upload-time = "2026-04-02T09:27:42.33Z" },
    { url = "https://files.pythonhosted.org/packages/96/23/bce28734eb3ed2c91dcf93abeb8a5cf393a7b2749725030bb630e554fdd8/charset_normalizer-3.4.7-cp314-cp314t-musllinux_1_2_riscv64.whl", hash = "sha256:752a45dc4a6934060b3b0dab47e04edc3326575f82be64bc4fc293914566503e", size = 219824, upload-time = "2026-04-02T09:27:43.924Z" },
    { url = "https://files.pythonhosted.org/packages/2c/6f/6e897c6984cc4d41af319b077f2f600fc8214eb2fe2d6bcb79141b882400/charset_normalizer-3.4.7-cp314-cp314t-musllinux_1_2_s390x.whl", hash = "sha256:8778f0c7a52e56f75d12dae53ae320fae900a8b9b4164b981b9c5ce059cd1fcb", size = 233103, upload-time = "2026-04-02T09:27:45.348Z" },
    { url = "https://files.pythonhosted.org/packages/76/22/ef7bd0fe480a0ae9b656189ec00744b60933f68b4f42a7bb06589f6f576a/charset_normalizer-3.4.7-cp314-cp314t-musllinux_1_2_x86_64.whl", hash = "sha256:ce3412fbe1e31eb81ea42f4169ed94861c56e643189e1e75f0041f3fe7020abe", size = 225194, upload-time = "2026-04-02T09:27:46.706Z" },
    { url = "https://files.pythonhosted.org/packages/c5/a7/0e0ab3e0b5bc1219bd80a6a0d4d72ca74d9250cb2382b7c699c147e06017/charset_normalizer-3.4.7-cp314-cp314t-win32.whl", hash = "sha256:c03a41a8784091e67a39648f70c5f97b5b6a37f216896d44d2cdcb82615339a0", size = 159827, upload-time = "2026-04-02T09:27:48.053Z" },
    { url = "https://files.pythonhosted.org/packages/7a/1d/29d32e0fb40864b1f878c7f5a0b343ae676c6e2b271a2d55cc3a152391da/charset_normalizer-3.4.7-cp314-cp314t-win_amd64.whl", hash = "sha256:03853ed82eeebbce3c2abfdbc98c96dc205f32a79627688ac9a27370ea61a49c", size = 174168, upload-time = "2026-04-02T09:27:49.795Z" },
    { url = "https://files.pythonhosted.org/packages/de/32/d92444ad05c7a6e41fb2036749777c163baf7a0301a040cb672d6b2b1ae9/charset_normalizer-3.4.7-cp314-cp314t-win_arm64.whl", hash = "sha256:c35abb8bfff0185efac5878da64c45dafd2b37fb0383add1be155a763c1f083d", size = 153018, upload-time = "2026-04-02T09:27:51.116Z" },
    { url = "https://files.pythonhosted.org/packages/db/8f/61959034484a4a7c527811f4721e75d02d653a35afb0b6054474d8185d4c/charset_normalizer-3.4.7-py3-none-any.whl", hash = "sha256:3dce51d0f5e7951f8bb4900c257dad282f49190fdbebecd4ba99bcc41fef404d", size = 61958, upload-time = "2026-04-02T09:28:37.794Z" },
]

[[package]]
name = "colorama"
version = "0.4.6"
source = { registry = "https://pypi.org/simple" }
sdist = { url = "https://files.pythonhosted.org/packages/d8/53/6f443c9a4a8358a93a6792e2acffb9d9d5cb0a5cfd8802644b7b1c9a02e4/colorama-0.4.6.tar.gz", hash = "sha256:08695f5cb7ed6e0531a20572697297273c47b8cae5a63ffc6d6ed5c201be6e44", size = 27697, upload-time = "2022-10-25T02:36:22.414Z" }
wheels = [
    { url = "https://files.pythonhosted.org/packages/d1/d6/3965ed04c63042e047cb6a3e6ed1a63a35087b6a609aa3a15ed8ac56c221/colorama-0.4.6-py2.py3-none-any.whl", hash = "sha256:4f1d9991f5acc0ca119f9d443620b77f9d6b33703e51011c16baf57afb285fc6", size = 25335, upload-time = "2022-10-25T02:36:20.889Z" },
]

[[package]]
name = "cyrus-webhook-proxy"
version = "0.0.1"
source = { editable = "." }
dependencies = [
    { name = "boto3" },
    { name = "requests" },
]

[package.optional-dependencies]
dev = [
    { name = "awscrt" },
    { name = "awsiotsdk" },
    { name = "pytest" },
]
iot = [
    { name = "awscrt" },
    { name = "awsiotsdk" },
]

[package.metadata]
requires-dist = [
    { name = "awscrt", marker = "extra == 'dev'", specifier = ">=0.34" },
    { name = "awscrt", marker = "extra == 'iot'", specifier = ">=0.34" },
    { name = "awsiotsdk", marker = "extra == 'dev'", specifier = ">=1.30" },
    { name = "awsiotsdk", marker = "extra == 'iot'", specifier = ">=1.30" },
    { name = "boto3", specifier = ">=1.34" },
    { name = "pytest", marker = "extra == 'dev'", specifier = ">=8.0" },
    { name = "requests", specifier = ">=2.31" },
]
provides-extras = ["iot", "dev"]

[[package]]
name = "idna"
version = "3.18"
source = { registry = "https://pypi.org/simple" }
sdist = { url = "https://files.pythonhosted.org/packages/cd/63/9496c57188a2ee585e0f1db071d75089a11e98aa86eb99d9d7618fc1edce/idna-3.18.tar.gz", hash = "sha256:ffb385a7e039654cef1ab9ef32c6fafe283c0c0467bba1d9029738ce4a14a848", size = 196711, upload-time = "2026-06-02T14:34:07.794Z" }
wheels = [
    { url = "https://files.pythonhosted.org/packages/1e/5e/d4e9f1a599fb8e573b7b87160658329fbf28d19eac2718f51fc3def3aa5a/idna-3.18-py3-none-any.whl", hash = "sha256:7f952cbe720b688055e3f87de14f5c3e5fdaa8bc3928985c4077ca689de849a2", size = 65455, upload-time = "2026-06-02T14:34:06.319Z" },
]

[[package]]
name = "iniconfig"
version = "2.3.0"
source = { registry = "https://pypi.org/simple" }
sdist = { url = "https://files.pythonhosted.org/packages/72/34/14ca021ce8e5dfedc35312d08ba8bf51fdd999c576889fc2c24cb97f4f10/iniconfig-2.3.0.tar.gz", hash = "sha256:c76315c77db068650d49c5b56314774a7804df16fee4402c1f19d6d15d8c4730", size = 20503, upload-time = "2025-10-18T21:55:43.219Z" }
wheels = [
    { url = "https://files.pythonhosted.org/packages/cb/b1/3846dd7f199d53cb17f49cba7e651e9ce294d8497c8c150530ed11865bb8/iniconfig-2.3.0-py3-none-any.whl", hash = "sha256:f631c04d2c48c52b84d0d0549c99ff3859c98df65b3101406327ecc7d53fbf12", size = 7484, upload-time = "2025-10-18T21:55:41.639Z" },
]

[[package]]
name = "jmespath"
version = "1.1.0"
source = { registry = "https://pypi.org/simple" }
sdist = { url = "https://files.pythonhosted.org/packages/d3/59/322338183ecda247fb5d1763a6cbe46eff7222eaeebafd9fa65d4bf5cb11/jmespath-1.1.0.tar.gz", hash = "sha256:472c87d80f36026ae83c6ddd0f1d05d4e510134ed462851fd5f754c8c3cbb88d", size = 27377, upload-time = "2026-01-22T16:35:26.279Z" }
wheels = [
    { url = "https://files.pythonhosted.org/packages/14/2f/967ba146e6d58cf6a652da73885f52fc68001525b4197effc174321d70b4/jmespath-1.1.0-py3-none-any.whl", hash = "sha256:a5663118de4908c91729bea0acadca56526eb2698e83de10cd116ae0f4e97c64", size = 20419, upload-time = "2026-01-22T16:35:24.919Z" },
]

[[package]]
name = "packaging"
version = "26.2"
source = { registry = "https://pypi.org/simple" }
sdist = { url = "https://files.pythonhosted.org/packages/d7/f1/e7a6dd94a8d4a5626c03e4e99c87f241ba9e350cd9e6d75123f992427270/packaging-26.2.tar.gz", hash = "sha256:ff452ff5a3e828ce110190feff1178bb1f2ea2281fa2075aadb987c2fb221661", size = 228134, upload-time = "2026-04-24T20:15:23.917Z" }
wheels = [
    { url = "https://files.pythonhosted.org/packages/df/b2/87e62e8c3e2f4b32e5fe99e0b86d576da1312593b39f47d8ceef365e95ed/packaging-26.2-py3-none-any.whl", hash = "sha256:5fc45236b9446107ff2415ce77c807cee2862cb6fac22b8a73826d0693b0980e", size = 100195, upload-time = "2026-04-24T20:15:22.081Z" },
]

[[package]]
name = "pluggy"
version = "1.6.0"
source = { registry = "https://pypi.org/simple" }
sdist = { url = "https://files.pythonhosted.org/packages/f9/e2/3e91f31a7d2b083fe6ef3fa267035b518369d9511ffab804f839851d2779/pluggy-1.6.0.tar.gz", hash = "sha256:7dcc130b76258d33b90f61b658791dede3486c3e6bfb003ee5c9bfb396dd22f3", size = 69412, upload-time = "2025-05-15T12:30:07.975Z" }
wheels = [
    { url = "https://files.pythonhosted.org/packages/54/20/4d324d65cc6d9205fabedc306948156824eb9f0ee1633355a8f7ec5c66bf/pluggy-1.6.0-py3-none-any.whl", hash = "sha256:e920276dd6813095e9377c0bc5566d94c932c33b27a3e3945d8389c374dd4746", size = 20538, upload-time = "2025-05-15T12:30:06.134Z" },
]

[[package]]
name = "pygments"
version = "2.20.0"
source = { registry = "https://pypi.org/simple" }
sdist = { url = "https://files.pythonhosted.org/packages/c3/b2/bc9c9196916376152d655522fdcebac55e66de6603a76a02bca1b6414f6c/pygments-2.20.0.tar.gz", hash = "sha256:6757cd03768053ff99f3039c1a36d6c0aa0b263438fcab17520b30a303a82b5f", size = 4955991, upload-time = "2026-03-29T13:29:33.898Z" }
wheels = [
    { url = "https://files.pythonhosted.org/packages/f4/7e/a72dd26f3b0f4f2bf1dd8923c85f7ceb43172af56d63c7383eb62b332364/pygments-2.20.0-py3-none-any.whl", hash = "sha256:81a9e26dd42fd28a23a2d169d86d7ac03b46e2f8b59ed4698fb4785f946d0176", size = 1231151, upload-time = "2026-03-29T13:29:30.038Z" },
]

[[package]]
name = "pytest"
version = "9.1.1"
source = { registry = "https://pypi.org/simple" }
dependencies = [
    { name = "colorama", marker = "sys_platform == 'win32'" },
    { name = "iniconfig" },
    { name = "packaging" },
    { name = "pluggy" },
    { name = "pygments" },
]
sdist = { url = "https://files.pythonhosted.org/packages/e4/47/b9efed96c114afcfa3c9d3fe98a76a1d14c74a9e266d397cf6eb64be5e01/pytest-9.1.1.tar.gz", hash = "sha256:1088fbde8f2b49d95a549a195707afa7a76a3ce9bcadc26b6d71f0ffda5fe313", size = 1636369, upload-time = "2026-06-19T10:58:32.857Z" }
wheels = [
    { url = "https://files.pythonhosted.org/packages/24/25/1de2678b631f5a49215c6c96fff41ba892b0a34df68d6d80292b1b48aa7f/pytest-9.1.1-py3-none-any.whl", hash = "sha256:37a86b45efb9a47a61a36449063e8e18d0cab3161329fc099eb21783169c4f0c", size = 386536, upload-time = "2026-06-19T10:58:31.347Z" },
]

[[package]]
name = "python-dateutil"
version = "2.9.0.post0"
source = { registry = "https://pypi.org/simple" }
dependencies = [
    { name = "six" },
]
sdist = { url = "https://files.pythonhosted.org/packages/66/c0/0c8b6ad9f17a802ee498c46e004a0eb49bc148f2fd230864601a86dcf6db/python-dateutil-2.9.0.post0.tar.gz", hash = "sha256:37dd54208da7e1cd875388217d5e00ebd4179249f90fb72437e91a35459a0ad3", size = 342432, upload-time = "2024-03-01T18:36:20.211Z" }
wheels = [
    { url = "https://files.pythonhosted.org/packages/ec/57/56b9bcc3c9c6a792fcbaf139543cee77261f3651ca9da0c93f5c1221264b/python_dateutil-2.9.0.post0-py2.py3-none-any.whl", hash = "sha256:a8b2bc7bffae282281c8140a97d3aa9c14da0b136dfe83f850eea9a5f7470427", size = 229892, upload-time = "2024-03-01T18:36:18.57Z" },
]

[[package]]
name = "requests"
version = "2.34.2"
source = { registry = "https://pypi.org/simple" }
dependencies = [
    { name = "certifi" },
    { name = "charset-normalizer" },
    { name = "idna" },
    { name = "urllib3" },
]
sdist = { url = "https://files.pythonhosted.org/packages/ac/c3/e2a2b89f2d3e2179abd6d00ebd70bff6273f37fb3e0cc209f48b39d00cbf/requests-2.34.2.tar.gz", hash = "sha256:f288924cae4e29463698d6d60bc6a4da69c89185ad1e0bcc4104f584e960b9ed", size = 142856, upload-time = "2026-05-14T19:25:27.735Z" }
wheels = [
    { url = "https://files.pythonhosted.org/packages/a0/f4/c67b0b3f1b9245e8d266f0f112c500d50e5b4e83cb6f3b71b6528104182a/requests-2.34.2-py3-none-any.whl", hash = "sha256:2a0d60c172f83ac6ab31e4554906c0f3b3588d37b5cb939b1c061f4907e278e0", size = 73075, upload-time = "2026-05-14T19:25:26.443Z" },
]

[[package]]
name = "s3transfer"
version = "0.19.0"
source = { registry = "https://pypi.org/simple" }
dependencies = [
    { name = "botocore" },
]
sdist = { url = "https://files.pythonhosted.org/packages/f6/94/dcdaeb1713cab9c84def276cfac7388b17c7d9855bbcfe88d77e4dbafd44/s3transfer-0.19.0.tar.gz", hash = "sha256:ce436931687addc4c1712d52d40b32f53e88315723f107ffa20ba82b05a0f685", size = 165171, upload-time = "2026-06-16T19:44:51.599Z" }
wheels = [
    { url = "https://files.pythonhosted.org/packages/46/5f/4c174edad94f82de888ac00a5ddd8d07b35609b6c94f0bdf4d74af57703e/s3transfer-0.19.0-py3-none-any.whl", hash = "sha256:777cc2415536f1debadb5c2ef7779275d0fc0fe0e042411cdd6caebeb2685262", size = 90101, upload-time = "2026-06-16T19:44:50.439Z" },
]

[[package]]
name = "six"
version = "1.17.0"
source = { registry = "https://pypi.org/simple" }
sdist = { url = "https://files.pythonhosted.org/packages/94/e7/b2c673351809dca68a0e064b6af791aa332cf192da575fd474ed7d6f16a2/six-1.17.0.tar.gz", hash = "sha256:ff70335d468e7eb6ec65b95b99d3a2836546063f63acc5171de367e834932a81", size = 34031, upload-time = "2024-12-04T17:35:28.174Z" }
wheels = [
    { url = "https://files.pythonhosted.org/packages/b7/ce/149a00dd41f10bc29e5921b496af8b574d8413afcd5e30dfa0ed46c2cc5e/six-1.17.0-py2.py3-none-any.whl", hash = "sha256:4721f391ed90541fddacab5acf947aa0d3dc7d27b2e1e8eda2be8970586c3274", size = 11050, upload-time = "2024-12-04T17:35:26.475Z" },
]

[[package]]
name = "urllib3"
version = "2.7.0"
source = { registry = "https://pypi.org/simple" }
sdist = { url = "https://files.pythonhosted.org/packages/53/0c/06f8b233b8fd13b9e5ee11424ef85419ba0d8ba0b3138bf360be2ff56953/urllib3-2.7.0.tar.gz", hash = "sha256:231e0ec3b63ceb14667c67be60f2f2c40a518cb38b03af60abc813da26505f4c", size = 433602, upload-time = "2026-05-07T16:13:18.596Z" }
wheels = [
    { url = "https://files.pythonhosted.org/packages/7f/3e/5db95bcf282c52709639744ca2a8b149baccf648e39c8cc87553df9eae0c/urllib3-2.7.0-py3-none-any.whl", hash = "sha256:9fb4c81ebbb1ce9531cce37674bbc6f1360472bc18ca9a553ede278ef7276897", size = 131087, upload-time = "2026-05-07T16:13:17.151Z" },
]
